
Microsoft Visual Studio Solution File, Format Version 12.00
# Visual Studio Version 16
VisualStudioVersion = 16.0.31112.23
MinimumVisualStudioVersion = 10.0.40219.1
Project("{FAE04EC0-301F-11D3-BF4B-00C04F79EFBC}") = "Web API", "Web API\Web API.csproj", "{81F1B389-82BD-4810-BB7F-5055AA03464D}"
EndProject
Project("{FAE04EC0-301F-11D3-BF4B-00C04F79EFBC}") = "Data", "Data\Data.csproj", "{4E470FD9-40DF-4A01-B1AB-1E1DAC7D7D87}"
EndProject
Global
	GlobalSection(SolutionConfigurationPlatforms) = preSolution
		Debug|Any CPU = Debug|Any CPU
		Release|Any CPU = Release|Any CPU
	EndGlobalSection
	GlobalSection(ProjectConfigurationPlatforms) = postSolution
		{81F1B389-82BD-4810-BB7F-5055AA03464D}.Debug|Any CPU.ActiveCfg = Debug|Any CPU
		{81F1B389-82BD-4810-BB7F-5055AA03464D}.Debug|Any CPU.Build.0 = Debug|Any CPU
		{81F1B389-82BD-4810-BB7F-5055AA03464D}.Release|Any CPU.ActiveCfg = Release|Any CPU
		{81F1B389-82BD-4810-BB7F-5055AA03464D}.Release|Any CPU.Build.0 = Release|Any CPU
		{4E470FD9-40DF-4A01-B1AB-1E1DAC7D7D87}.Debug|Any CPU.ActiveCfg = Debug|Any CPU
		{4E470FD9-40DF-4A01-B1AB-1E1DAC7D7D87}.Debug|Any CPU.Build.0 = Debug|Any CPU
		{4E470FD9-40DF-4A01-B1AB-1E1DAC7D7D87}.Release|Any CPU.ActiveCfg = Release|Any CPU
		{4E470FD9-40DF-4A01-B1AB-1E1DAC7D7D87}.Release|Any CPU.Build.0 = Release|Any CPU
	EndGlobalSection
	GlobalSection(SolutionProperties) = preSolution
		HideSolutionNode = FALSE
	EndGlobalSection
	GlobalSection(ExtensibilityGlobals) = postSolution
		SolutionGuid = {7C0B20C5-90BF-414D-B5DC-368D6AD7EDEF}
	EndGlobalSection
EndGlobal
